
Microsoft Visual Studio Solution File, Format Version 12.00
# Visual Studio Version 16
VisualStudioVersion = 16.0.29509.3
MinimumVisualStudioVersion = 10.0.40219.1
Project("{FAE04EC0-301F-11D3-BF4B-00C04F79EFBC}") = "CharacterGenerator", "CharacterGenerator.csproj", "{C0C75B5F-0EAF-458C-8407-2A8ECCCB2444}"
EndProject
Global
	GlobalSection(SolutionConfigurationPlatforms) = preSolution
		Debug|Any CPU = Debug|Any CPU
		Release|Any CPU = Release|Any CPU
	EndGlobalSection
	GlobalSection(ProjectConfigurationPlatforms) = postSolution
		{C0C75B5F-0EAF-458C-8407-2A8ECCCB2444}.Debug|Any CPU.ActiveCfg = Debug|Any CPU
		{C0C75B5F-0EAF-458C-8407-2A8ECCCB2444}.Debug|Any CPU.Build.0 = Debug|Any CPU
		{C0C75B5F-0EAF-458C-8407-2A8ECCCB2444}.Release|Any CPU.ActiveCfg = Release|Any CPU
		{C0C75B5F-0EAF-458C-8407-2A8ECCCB2444}.Release|Any CPU.Build.0 = Release|Any CPU
	EndGlobalSection
	GlobalSection(SolutionProperties) = preSolution
		HideSolutionNode = FALSE
	EndGlobalSection
	GlobalSection(ExtensibilityGlobals) = postSolution
		SolutionGuid = {594F19A5-2F33-4B12-88DC-C8D209DC320A}
	EndGlobalSection
EndGlobal
